
Microsoft Visual Studio Solution File, Format Version 12.00
# Visual Studio Version 17
VisualStudioVersion = 17.14.36623.8 d17.14
MinimumVisualStudioVersion = 10.0.40219.1
Project("{FAE04EC0-301F-11D3-BF4B-00C04F79EFBC}") = "GitTest", "GitTest\GitTest.csproj", "{5122A2C4-AF57-4A41-9422-E20FC5864246}"
EndProject
Global
	GlobalSection(SolutionConfigurationPlatforms) = preSolution
		Debug|Any CPU = Debug|Any CPU
		Release|Any CPU = Release|Any CPU
	EndGlobalSection
	GlobalSection(ProjectConfigurationPlatforms) = postSolution
		{5122A2C4-AF57-4A41-9422-E20FC5864246}.Debug|Any CPU.ActiveCfg = Debug|Any CPU
		{5122A2C4-AF57-4A41-9422-E20FC5864246}.Debug|Any CPU.Build.0 = Debug|Any CPU
		{5122A2C4-AF57-4A41-9422-E20FC5864246}.Release|Any CPU.ActiveCfg = Release|Any CPU
		{5122A2C4-AF57-4A41-9422-E20FC5864246}.Release|Any CPU.Build.0 = Release|Any CPU
	EndGlobalSection
	GlobalSection(SolutionProperties) = preSolution
		HideSolutionNode = FALSE
	EndGlobalSection
	GlobalSection(ExtensibilityGlobals) = postSolution
		SolutionGuid = {F224A630-856D-4F17-B93A-AD31F61C2BDC}
	EndGlobalSection
EndGlobal
